// !$*UTF8*$!
{
	archiveVersion = 1;
	classes = {
	};
	objectVersion = 60;
	objects = {

/* Begin PBXBuildFile section */
		010000000000000000000101 /* BurningPaperExampleApp.swift in Sources */ = {isa = PBXBuildFile; fileRef = 010000000000000000000001 /* BurningPaperExampleApp.swift */; };
		010000000000000000000102 /* ContentView.swift in Sources */ = {isa = PBXBuildFile; fileRef = 010000000000000000000002 /* ContentView.swift */; };
		010000000000000000000103 /* Assets.xcassets in Resources */ = {isa = PBXBuildFile; fileRef = 010000000000000000000003 /* Assets.xcassets */; };
		010000000000000000000104 /* BurningPaper in Frameworks */ = {isa = PBXBuildFile; productRef = 010000000000000000000A01 /* BurningPaper */; };
/* End PBXBuildFile section */

/* Begin PBXFileReference section */
		010000000000000000000001 /* BurningPaperExampleApp.swift */ = {isa = PBXFileReference; lastKnownFileType = sourcecode.swift; path = BurningPaperExampleApp.swift; sourceTree = "<group>"; };
		010000000000000000000002 /* ContentView.swift */ = {isa = PBXFileReference; lastKnownFileType = sourcecode.swift; path = ContentView.swift; sourceTree = "<group>"; };
		010000000000000000000003 /* Assets.xcassets */ = {isa = PBXFileReference; lastKnownFileType = folder.assetcatalog; path = Assets.xcassets; sourceTree = "<group>"; };
		010000000000000000000004 /* BurningPaperExample.app */ = {isa = PBXFileReference; explicitFileType = wrapper.application; includeInIndex = 0; path = BurningPaperExample.app; sourceTree = BUILT_PRODUCTS_DIR; };
/* End PBXFileReference section */

/* Begin PBXFrameworksBuildPhase section */
		010000000000000000000501 /* Frameworks */ = {
			isa = PBXFrameworksBuildPhase;
			buildActionMask = 2147483647;
			files = (
				010000000000000000000104 /* BurningPaper in Frameworks */,
			);
			runOnlyForDeploymentPostprocessing = 0;
		};
/* End PBXFrameworksBuildPhase section */

/* Begin PBXGroup section */
		010000000000000000000601 = {
			isa = PBXGroup;
			children = (
				010000000000000000000602 /* BurningPaperExample */,
				010000000000000000000603 /* Products */,
			);
			sourceTree = "<group>";
		};
		010000000000000000000602 /* BurningPaperExample */ = {
			isa = PBXGroup;
			children = (
				010000000000000000000604 /* App */,
				010000000000000000000003 /* Assets.xcassets */,
			);
			name = BurningPaperExample;
			path = ".";
			sourceTree = "<group>";
		};
		010000000000000000000603 /* Products */ = {
			isa = PBXGroup;
			children = (
				010000000000000000000004 /* BurningPaperExample.app */,
			);
			name = Products;
			sourceTree = "<group>";
		};
		010000000000000000000604 /* App */ = {
			isa = PBXGroup;
			children = (
				010000000000000000000001 /* BurningPaperExampleApp.swift */,
				010000000000000000000002 /* ContentView.swift */,
			);
			path = App;
			sourceTree = "<group>";
		};
/* End PBXGroup section */

/* Begin PBXNativeTarget section */
		010000000000000000000201 /* BurningPaperExample */ = {
			isa = PBXNativeTarget;
			buildConfigurationList = 010000000000000000000801 /* Build configuration list for PBXNativeTarget "BurningPaperExample" */;
			buildPhases = (
				010000000000000000000701 /* Sources */,
				010000000000000000000501 /* Frameworks */,
				010000000000000000000702 /* Resources */,
			);
			buildRules = (
			);
			dependencies = (
			);
			name = BurningPaperExample;
			packageProductDependencies = (
				010000000000000000000A01 /* BurningPaper */,
			);
			productName = BurningPaperExample;
			productReference = 010000000000000000000004 /* BurningPaperExample.app */;
			productType = "com.apple.product-type.application";
		};
/* End PBXNativeTarget section */

/* Begin PBXProject section */
		010000000000000000000400 /* Project object */ = {
			isa = PBXProject;
			attributes = {
				BuildIndependentTargetsInParallel = 1;
				LastSwiftUpdateCheck = 2660;
				LastUpgradeCheck = 2660;
				TargetAttributes = {
					010000000000000000000201 = {
						CreatedOnToolsVersion = 26.6;
					};
				};
			};
			buildConfigurationList = 010000000000000000000800 /* Build configuration list for PBXProject "BurningPaperExample" */;
			compatibilityVersion = "Xcode 15.0";
			developmentRegion = en;
			hasScannedForEncodings = 0;
			knownRegions = (
				en,
				Base,
			);
			mainGroup = 010000000000000000000601;
			packageReferences = (
				010000000000000000000901 /* XCLocalSwiftPackageReference "../.." */,
			);
			productRefGroup = 010000000000000000000603 /* Products */;
			projectDirPath = BurningPaperExample;
			projectRoot = "";
			targets = (
				010000000000000000000201 /* BurningPaperExample */,
			);
		};
/* End PBXProject section */

/* Begin PBXResourcesBuildPhase section */
		010000000000000000000702 /* Resources */ = {
			isa = PBXResourcesBuildPhase;
			buildActionMask = 2147483647;
			files = (
				010000000000000000000103 /* Assets.xcassets in Resources */,
			);
			runOnlyForDeploymentPostprocessing = 0;
		};
/* End PBXResourcesBuildPhase section */

/* Begin PBXSourcesBuildPhase section */
		010000000000000000000701 /* Sources */ = {
			isa = PBXSourcesBuildPhase;
			buildActionMask = 2147483647;
			files = (
				010000000000000000000101 /* BurningPaperExampleApp.swift in Sources */,
				010000000000000000000102 /* ContentView.swift in Sources */,
			);
			runOnlyForDeploymentPostprocessing = 0;
		};
/* End PBXSourcesBuildPhase section */

/* Begin XCBuildConfiguration section */
		010000000000000000000B01 /* Debug */ = {
			isa = XCBuildConfiguration;
			buildSettings = {
				ALWAYS_SEARCH_USER_PATHS = NO;
				CLANG_ENABLE_MODULES = YES;
				CLANG_ENABLE_OBJC_ARC = YES;
				COPY_PHASE_STRIP = NO;
				DEBUG_INFORMATION_FORMAT = dwarf;
				ENABLE_TESTABILITY = YES;
				ENABLE_USER_SCRIPT_SANDBOXING = YES;
				GCC_C_LANGUAGE_STANDARD = gnu17;
				GCC_OPTIMIZATION_LEVEL = 0;
				GCC_PREPROCESSOR_DEFINITIONS = (
					"DEBUG=1",
					"$(inherited)",
				);
				IPHONEOS_DEPLOYMENT_TARGET = 18.0;
				MTL_ENABLE_DEBUG_INFO = INCLUDE_SOURCE;
				MTL_FAST_MATH = YES;
				ONLY_ACTIVE_ARCH = YES;
				SDKROOT = iphoneos;
				SWIFT_ACTIVE_COMPILATION_CONDITIONS = DEBUG;
				SWIFT_OPTIMIZATION_LEVEL = "-Onone";
			};
			name = Debug;
		};
		010000000000000000000B02 /* Release */ = {
			isa = XCBuildConfiguration;
			buildSettings = {
				ALWAYS_SEARCH_USER_PATHS = NO;
				CLANG_ENABLE_MODULES = YES;
				CLANG_ENABLE_OBJC_ARC = YES;
				COPY_PHASE_STRIP = NO;
				DEBUG_INFORMATION_FORMAT = "dwarf-with-dsym";
				ENABLE_NS_ASSERTIONS = NO;
				ENABLE_USER_SCRIPT_SANDBOXING = YES;
				GCC_C_LANGUAGE_STANDARD = gnu17;
				IPHONEOS_DEPLOYMENT_TARGET = 18.0;
				MTL_ENABLE_DEBUG_INFO = NO;
				MTL_FAST_MATH = YES;
				SDKROOT = iphoneos;
				SWIFT_COMPILATION_MODE = wholemodule;
				VALIDATE_PRODUCT = YES;
			};
			name = Release;
		};
		010000000000000000000B03 /* Debug */ = {
			isa = XCBuildConfiguration;
			buildSettings = {
				CODE_SIGN_STYLE = Automatic;
				CURRENT_PROJECT_VERSION = 1;
				DEVELOPMENT_TEAM = "";
				GENERATE_INFOPLIST_FILE = YES;
				INFOPLIST_KEY_CFBundleDisplayName = "Burning Paper";
				INFOPLIST_KEY_LSRequiresIPhoneOS = YES;
				INFOPLIST_KEY_UIApplicationSceneManifest_Generation = YES;
				INFOPLIST_KEY_UIApplicationSupportsIndirectInputEvents = YES;
				INFOPLIST_KEY_UILaunchScreen_Generation = YES;
				INFOPLIST_KEY_UISupportedInterfaceOrientations = UIInterfaceOrientationPortrait;
				IPHONEOS_DEPLOYMENT_TARGET = 18.0;
				MARKETING_VERSION = 1.0;
				PRODUCT_BUNDLE_IDENTIFIER = com.example.BurningPaperExample;
				PRODUCT_NAME = "$(TARGET_NAME)";
				SWIFT_EMIT_LOC_STRINGS = YES;
				SWIFT_VERSION = 6.0;
				TARGETED_DEVICE_FAMILY = 1;
			};
			name = Debug;
		};
		010000000000000000000B04 /* Release */ = {
			isa = XCBuildConfiguration;
			buildSettings = {
				CODE_SIGN_STYLE = Automatic;
				CURRENT_PROJECT_VERSION = 1;
				DEVELOPMENT_TEAM = "";
				GENERATE_INFOPLIST_FILE = YES;
				INFOPLIST_KEY_CFBundleDisplayName = "Burning Paper";
				INFOPLIST_KEY_LSRequiresIPhoneOS = YES;
				INFOPLIST_KEY_UIApplicationSceneManifest_Generation = YES;
				INFOPLIST_KEY_UIApplicationSupportsIndirectInputEvents = YES;
				INFOPLIST_KEY_UILaunchScreen_Generation = YES;
				INFOPLIST_KEY_UISupportedInterfaceOrientations = UIInterfaceOrientationPortrait;
				IPHONEOS_DEPLOYMENT_TARGET = 18.0;
				MARKETING_VERSION = 1.0;
				PRODUCT_BUNDLE_IDENTIFIER = com.example.BurningPaperExample;
				PRODUCT_NAME = "$(TARGET_NAME)";
				SWIFT_EMIT_LOC_STRINGS = YES;
				SWIFT_VERSION = 6.0;
				TARGETED_DEVICE_FAMILY = 1;
			};
			name = Release;
		};
/* End XCBuildConfiguration section */

/* Begin XCConfigurationList section */
		010000000000000000000800 /* Build configuration list for PBXProject "BurningPaperExample" */ = {
			isa = XCConfigurationList;
			buildConfigurations = (
				010000000000000000000B01 /* Debug */,
				010000000000000000000B02 /* Release */,
			);
			defaultConfigurationIsVisible = 0;
			defaultConfigurationName = Release;
		};
		010000000000000000000801 /* Build configuration list for PBXNativeTarget "BurningPaperExample" */ = {
			isa = XCConfigurationList;
			buildConfigurations = (
				010000000000000000000B03 /* Debug */,
				010000000000000000000B04 /* Release */,
			);
			defaultConfigurationIsVisible = 0;
			defaultConfigurationName = Release;
		};
/* End XCConfigurationList section */

/* Begin XCLocalSwiftPackageReference section */
		010000000000000000000901 /* XCLocalSwiftPackageReference "../.." */ = {
			isa = XCLocalSwiftPackageReference;
			relativePath = ../..;
		};
/* End XCLocalSwiftPackageReference section */

/* Begin XCSwiftPackageProductDependency section */
		010000000000000000000A01 /* BurningPaper */ = {
			isa = XCSwiftPackageProductDependency;
			productName = BurningPaper;
		};
/* End XCSwiftPackageProductDependency section */
	};
	rootObject = 010000000000000000000400 /* Project object */;
}
